
Microsoft Visual Studio Solution File, Format Version 11.00
# Visual Studio 2010
Project("{FAE04EC0-301F-11D3-BF4B-00C04F79EFBC}") = "FourMImpex", "FourMImpex\FourMImpex.csproj", "{F951C96C-884B-473B-85D4-0A611B2FE08A}"
EndProject
Project("{FAE04EC0-301F-11D3-BF4B-00C04F79EFBC}") = "FourMImpexClassLibrary", "FourMImpexClassLibrary\FourMImpexClassLibrary.csproj", "{7DE8AF1F-8DAB-464D-8EC4-FABA95FD1294}"
EndProject
Global
	GlobalSection(TeamFoundationVersionControl) = preSolution
		SccNumberOfProjects = 2
		SccEnterpriseProvider = {4CA58AB2-18FA-4F8D-95D4-32DDF27D184C}
		SccTeamFoundationServer = http://cs-pc:8080/tfs/cs-collections
		SccProjectUniqueName0 = FourMImpex\\FourMImpex.csproj
		SccProjectName0 = FourMImpex
		SccLocalPath0 = FourMImpex
		SccLocalPath1 = .
	EndGlobalSection
	GlobalSection(SolutionConfigurationPlatforms) = preSolution
		Debug|Any CPU = Debug|Any CPU
		Release|Any CPU = Release|Any CPU
	EndGlobalSection
	GlobalSection(ProjectConfigurationPlatforms) = postSolution
		{F951C96C-884B-473B-85D4-0A611B2FE08A}.Debug|Any CPU.ActiveCfg = Debug|Any CPU
		{F951C96C-884B-473B-85D4-0A611B2FE08A}.Debug|Any CPU.Build.0 = Debug|Any CPU
		{F951C96C-884B-473B-85D4-0A611B2FE08A}.Release|Any CPU.ActiveCfg = Release|Any CPU
		{F951C96C-884B-473B-85D4-0A611B2FE08A}.Release|Any CPU.Build.0 = Release|Any CPU
		{7DE8AF1F-8DAB-464D-8EC4-FABA95FD1294}.Debug|Any CPU.ActiveCfg = Debug|Any CPU
		{7DE8AF1F-8DAB-464D-8EC4-FABA95FD1294}.Debug|Any CPU.Build.0 = Debug|Any CPU
		{7DE8AF1F-8DAB-464D-8EC4-FABA95FD1294}.Release|Any CPU.ActiveCfg = Release|Any CPU
		{7DE8AF1F-8DAB-464D-8EC4-FABA95FD1294}.Release|Any CPU.Build.0 = Release|Any CPU
	EndGlobalSection
	GlobalSection(SolutionProperties) = preSolution
		HideSolutionNode = FALSE
	EndGlobalSection
EndGlobal
